
Microsoft Visual Studio Solution File, Format Version 12.00
# Visual Studio Version 16
VisualStudioVersion = 16.0.30621.155
MinimumVisualStudioVersion = 10.0.40219.1
Project("{FAE04EC0-301F-11D3-BF4B-00C04F79EFBC}") = "Chris.ChatApp", "Chris.ChatApp\Chris.ChatApp.csproj", "{33C83E47-5140-48F8-988F-2C8713EA439F}"
EndProject
Global
	GlobalSection(SolutionConfigurationPlatforms) = preSolution
		Debug|Any CPU = Debug|Any CPU
		Release|Any CPU = Release|Any CPU
	EndGlobalSection
	GlobalSection(ProjectConfigurationPlatforms) = postSolution
		{33C83E47-5140-48F8-988F-2C8713EA439F}.Debug|Any CPU.ActiveCfg = Debug|Any CPU
		{33C83E47-5140-48F8-988F-2C8713EA439F}.Debug|Any CPU.Build.0 = Debug|Any CPU
		{33C83E47-5140-48F8-988F-2C8713EA439F}.Release|Any CPU.ActiveCfg = Release|Any CPU
		{33C83E47-5140-48F8-988F-2C8713EA439F}.Release|Any CPU.Build.0 = Release|Any CPU
	EndGlobalSection
	GlobalSection(SolutionProperties) = preSolution
		HideSolutionNode = FALSE
	EndGlobalSection
	GlobalSection(ExtensibilityGlobals) = postSolution
		SolutionGuid = {696389B2-DE97-4AA6-8212-2C82B15EFA9E}
	EndGlobalSection
EndGlobal
